<?xml version="1.0" encoding="utf-8"?>
<Project ToolsVersion="4.0" xmlns="http://schemas.microsoft.com/developer/msbuild/2003">
  <ItemGroup>
    <Filter Include="Source Files">
      <UniqueIdentifier>{4FC737F1-C7A5-4376-A066-2A32D752A2FF}</UniqueIdentifier>
      <Extensions>cpp;c;cc;cxx;def;odl;idl;hpj;bat;asm;asmx</Extensions>
    </Filter>
    <Filter Include="Header Files">
      <UniqueIdentifier>{93995380-89BD-4b04-88EB-625FBE52EBFB}</UniqueIdentifier>
      <Extensions>h;hh;hpp;hxx;hm;inl;inc;ipp;xsd</Extensions>
    </Filter>
    <Filter Include="Resource Files">
      <UniqueIdentifier>{67DA6AB6-F800-4c08-8B7A-83BB121AAD01}</UniqueIdentifier>
      <Extensions>rc;ico;cur;bmp;dlg;rc2;rct;bin;rgs;gif;jpg;jpeg;jpe;resx;tiff;tif;png;wav;mfcribbon-ms</Extensions>
    </Filter>
    <Filter Include="Header Files\D3D">
      <UniqueIdentifier>{fe6b36a3-12fb-4d77-87ae-546933c06713}</UniqueIdentifier>
    </Filter>
    <Filter Include="Source Files\D3D">
      <UniqueIdentifier>{59c40231-6057-4e62-a61e-24841324ff2c}</UniqueIdentifier>
    </Filter>
    <Filter Include="Header Files\Interfaces">
      <UniqueIdentifier>{a2433417-772f-443d-ad4f-1d404c9995af}</UniqueIdentifier>
    </Filter>
  </ItemGroup>
  <ItemGroup>
    <ClCompile Include="..\src\Rendering\RenderContextD3D.cpp">
      <Filter>Source Files\D3D</Filter>
    </ClCompile>
    <ClCompile Include="..\src\Rendering\RenderContext.cpp">
      <Filter>Source Files</Filter>
    </ClCompile>
    <ClCompile Include="..\include\Yasp\Rendering\GPUResourceManagerD3D.cpp">
      <Filter>Source Files\D3D</Filter>
    </ClCompile>
    <ClCompile Include="..\src\Rendering\ShaderD3D.cpp">
      <Filter>Source Files\D3D</Filter>
    </ClCompile>
    <ClCompile Include="..\include\Yasp\Rendering\BufferD3D.cpp">
      <Filter>Source Files\D3D</Filter>
    </ClCompile>
  </ItemGroup>
  <ItemGroup>
    <ClInclude Include="..\include\Yasp\Rendering\Enums.h">
      <Filter>Header Files</Filter>
    </ClInclude>
    <ClInclude Include="..\include\Yasp\Rendering\Descriptions.h">
      <Filter>Header Files</Filter>
    </ClInclude>
    <ClInclude Include="..\include\Yasp\Rendering\RenderContextD3D.h">
      <Filter>Header Files\D3D</Filter>
    </ClInclude>
    <ClInclude Include="..\include\Yasp\Rendering\RenderContext.h">
      <Filter>Header Files</Filter>
    </ClInclude>
    <ClInclude Include="..\include\Yasp\Rendering\IRenderContext.h">
      <Filter>Header Files\Interfaces</Filter>
    </ClInclude>
    <ClInclude Include="..\include\Yasp\Rendering\GPUResourceID.h">
      <Filter>Header Files</Filter>
    </ClInclude>
    <ClInclude Include="..\include\Yasp\Rendering\IGPUResourceManager.h">
      <Filter>Header Files\Interfaces</Filter>
    </ClInclude>
    <ClInclude Include="..\include\Yasp\Rendering\GPUResourceManagerD3D.h">
      <Filter>Header Files\D3D</Filter>
    </ClInclude>
    <ClInclude Include="..\include\Yasp\Rendering\IShader.h">
      <Filter>Header Files\Interfaces</Filter>
    </ClInclude>
    <ClInclude Include="..\include\Yasp\Rendering\ShaderD3D.h">
      <Filter>Header Files\D3D</Filter>
    </ClInclude>
    <ClInclude Include="..\include\Yasp\Rendering\IBuffer.h">
      <Filter>Header Files\Interfaces</Filter>
    </ClInclude>
    <ClInclude Include="..\include\Yasp\Rendering\AssignableMemory.h">
      <Filter>Header Files</Filter>
    </ClInclude>
    <ClInclude Include="..\include\Yasp\Rendering\BufferD3D.h">
      <Filter>Header Files\D3D</Filter>
    </ClInclude>
    <ClInclude Include="..\include\Yasp\Rendering\GPUBuffer.h">
      <Filter>Header Files</Filter>
    </ClInclude>
  </ItemGroup>
</Project>